
Microsoft Visual Studio Solution File, Format Version 12.00
# Visual Studio Version 17
VisualStudioVersion = 17.5.33627.172
MinimumVisualStudioVersion = 10.0.40219.1
Project("{FAE04EC0-301F-11D3-BF4B-00C04F79EFBC}") = "operatorsMaths", "operatorsMaths\operatorsMaths.csproj", "{BDB436CA-37B0-4BCA-8E65-DDD1FD37D37D}"
EndProject
Global
	GlobalSection(SolutionConfigurationPlatforms) = preSolution
		Debug|Any CPU = Debug|Any CPU
		Release|Any CPU = Release|Any CPU
	EndGlobalSection
	GlobalSection(ProjectConfigurationPlatforms) = postSolution
		{BDB436CA-37B0-4BCA-8E65-DDD1FD37D37D}.Debug|Any CPU.ActiveCfg = Debug|Any CPU
		{BDB436CA-37B0-4BCA-8E65-DDD1FD37D37D}.Debug|Any CPU.Build.0 = Debug|Any CPU
		{BDB436CA-37B0-4BCA-8E65-DDD1FD37D37D}.Release|Any CPU.ActiveCfg = Release|Any CPU
		{BDB436CA-37B0-4BCA-8E65-DDD1FD37D37D}.Release|Any CPU.Build.0 = Release|Any CPU
	EndGlobalSection
	GlobalSection(SolutionProperties) = preSolution
		HideSolutionNode = FALSE
	EndGlobalSection
	GlobalSection(ExtensibilityGlobals) = postSolution
		SolutionGuid = {B57A41D7-C64A-4092-BF9D-8C60BC58E179}
	EndGlobalSection
EndGlobal
