
Microsoft Visual Studio Solution File, Format Version 12.00
# Visual Studio Version 17
VisualStudioVersion = 17.5.33627.172
MinimumVisualStudioVersion = 10.0.40219.1
Project("{FAE04EC0-301F-11D3-BF4B-00C04F79EFBC}") = "MyFirstProject", "MyFirstProject\MyFirstProject.csproj", "{7A3D8E6F-9CE8-4423-9D52-CBF971773563}"
EndProject
Global
	GlobalSection(SolutionConfigurationPlatforms) = preSolution
		Debug|Any CPU = Debug|Any CPU
		Release|Any CPU = Release|Any CPU
	EndGlobalSection
	GlobalSection(ProjectConfigurationPlatforms) = postSolution
		{7A3D8E6F-9CE8-4423-9D52-CBF971773563}.Debug|Any CPU.ActiveCfg = Debug|Any CPU
		{7A3D8E6F-9CE8-4423-9D52-CBF971773563}.Debug|Any CPU.Build.0 = Debug|Any CPU
		{7A3D8E6F-9CE8-4423-9D52-CBF971773563}.Release|Any CPU.ActiveCfg = Release|Any CPU
		{7A3D8E6F-9CE8-4423-9D52-CBF971773563}.Release|Any CPU.Build.0 = Release|Any CPU
	EndGlobalSection
	GlobalSection(SolutionProperties) = preSolution
		HideSolutionNode = FALSE
	EndGlobalSection
	GlobalSection(ExtensibilityGlobals) = postSolution
		SolutionGuid = {CBCDB95E-89A1-4D74-9332-21A6076E5C37}
	EndGlobalSection
EndGlobal
