
Microsoft Visual Studio Solution File, Format Version 12.00
# Visual Studio Version 17
VisualStudioVersion = 17.5.33627.172
MinimumVisualStudioVersion = 10.0.40219.1
Project("{FAE04EC0-301F-11D3-BF4B-00C04F79EFBC}") = "inheritance 2", "inheritance 2\inheritance 2.csproj", "{E15AD35F-C2F9-46BE-AABF-534C89E84E6A}"
EndProject
Global
	GlobalSection(SolutionConfigurationPlatforms) = preSolution
		Debug|Any CPU = Debug|Any CPU
		Release|Any CPU = Release|Any CPU
	EndGlobalSection
	GlobalSection(ProjectConfigurationPlatforms) = postSolution
		{E15AD35F-C2F9-46BE-AABF-534C89E84E6A}.Debug|Any CPU.ActiveCfg = Debug|Any CPU
		{E15AD35F-C2F9-46BE-AABF-534C89E84E6A}.Debug|Any CPU.Build.0 = Debug|Any CPU
		{E15AD35F-C2F9-46BE-AABF-534C89E84E6A}.Release|Any CPU.ActiveCfg = Release|Any CPU
		{E15AD35F-C2F9-46BE-AABF-534C89E84E6A}.Release|Any CPU.Build.0 = Release|Any CPU
	EndGlobalSection
	GlobalSection(SolutionProperties) = preSolution
		HideSolutionNode = FALSE
	EndGlobalSection
	GlobalSection(ExtensibilityGlobals) = postSolution
		SolutionGuid = {C20DB50D-197D-4E53-B91E-CCB3E6856329}
	EndGlobalSection
EndGlobal
