
Microsoft Visual Studio Solution File, Format Version 12.00
# Visual Studio Version 17
VisualStudioVersion = 17.5.33627.172
MinimumVisualStudioVersion = 10.0.40219.1
Project("{FAE04EC0-301F-11D3-BF4B-00C04F79EFBC}") = "recursionFactorial", "recursionFactorial\recursionFactorial.csproj", "{79B60CEF-CE15-4EB6-B87A-8C37D6A1E784}"
EndProject
Global
	GlobalSection(SolutionConfigurationPlatforms) = preSolution
		Debug|Any CPU = Debug|Any CPU
		Release|Any CPU = Release|Any CPU
	EndGlobalSection
	GlobalSection(ProjectConfigurationPlatforms) = postSolution
		{79B60CEF-CE15-4EB6-B87A-8C37D6A1E784}.Debug|Any CPU.ActiveCfg = Debug|Any CPU
		{79B60CEF-CE15-4EB6-B87A-8C37D6A1E784}.Debug|Any CPU.Build.0 = Debug|Any CPU
		{79B60CEF-CE15-4EB6-B87A-8C37D6A1E784}.Release|Any CPU.ActiveCfg = Release|Any CPU
		{79B60CEF-CE15-4EB6-B87A-8C37D6A1E784}.Release|Any CPU.Build.0 = Release|Any CPU
	EndGlobalSection
	GlobalSection(SolutionProperties) = preSolution
		HideSolutionNode = FALSE
	EndGlobalSection
	GlobalSection(ExtensibilityGlobals) = postSolution
		SolutionGuid = {EE0918FC-37CD-4543-A6D2-AA52A092335A}
	EndGlobalSection
EndGlobal
